// !$*UTF8*$!
{
	archiveVersion = 1;
	classes = {
	};
	objectVersion = 56;
	objects = {

/* Begin PBXBuildFile section */
		AA000001 /* DialogueApp.swift in Sources */ = {isa = PBXBuildFile; fileRef = AA000011 /* DialogueApp.swift */; };
		AA000002 /* ContentView.swift in Sources */ = {isa = PBXBuildFile; fileRef = AA000012 /* ContentView.swift */; };
		AA000003 /* Assets.xcassets in Resources */ = {isa = PBXBuildFile; fileRef = AA000013 /* Assets.xcassets */; };
		AA000004 /* Preview Assets.xcassets in Resources */ = {isa = PBXBuildFile; fileRef = AA000014 /* Preview Assets.xcassets */; };
		AA000005 /* index.html in Resources */ = {isa = PBXBuildFile; fileRef = AA000015 /* index.html */; };
		BB000001 /* BlockNoteEditorView.swift in Sources */ = {isa = PBXBuildFile; fileRef = BB000011 /* BlockNoteEditorView.swift */; };
		BB000002 /* BridgeMessages.swift in Sources */ = {isa = PBXBuildFile; fileRef = BB000012 /* BridgeMessages.swift */; };
		BB000003 /* BlockNoteDocument.swift in Sources */ = {isa = PBXBuildFile; fileRef = BB000013 /* BlockNoteDocument.swift */; };
		BB000004 /* BlockNoteFile.swift in Sources */ = {isa = PBXBuildFile; fileRef = BB000014 /* BlockNoteFile.swift */; };
		BB000005 /* KeychainManager.swift in Sources */ = {isa = PBXBuildFile; fileRef = BB000015 /* KeychainManager.swift */; };
		BB000006 /* DocumentManager.swift in Sources */ = {isa = PBXBuildFile; fileRef = BB000016 /* DocumentManager.swift */; };
		BB000007 /* SidebarView.swift in Sources */ = {isa = PBXBuildFile; fileRef = BB000017 /* SidebarView.swift */; };
		BB000008 /* SettingsView.swift in Sources */ = {isa = PBXBuildFile; fileRef = BB000018 /* SettingsView.swift */; };
		CC00000A /* StatusFooterView.swift in Sources */ = {isa = PBXBuildFile; fileRef = CC00001A /* StatusFooterView.swift */; };
		CC00000C /* FluidAudio in Frameworks */ = {isa = PBXBuildFile; productRef = CC000082 /* FluidAudio */; };
		CC000090 /* Speech.framework in Frameworks */ = {isa = PBXBuildFile; fileRef = CC000091 /* Speech.framework */; settings = {ATTRIBUTES = (Weak, ); }; };
		DD000001 /* ChatModels.swift in Sources */ = {isa = PBXBuildFile; fileRef = DD000011 /* ChatModels.swift */; };
		DD000002 /* StreamingChatService.swift in Sources */ = {isa = PBXBuildFile; fileRef = DD000012 /* StreamingChatService.swift */; };
		DD000003 /* ChatSessionManager.swift in Sources */ = {isa = PBXBuildFile; fileRef = DD000013 /* ChatSessionManager.swift */; };
		DD000004 /* ChatMessageView.swift in Sources */ = {isa = PBXBuildFile; fileRef = DD000014 /* ChatMessageView.swift */; };
		DD000005 /* ChatPanelView.swift in Sources */ = {isa = PBXBuildFile; fileRef = DD000015 /* ChatPanelView.swift */; };
		DD000006 /* FloatingChatToolbar.swift in Sources */ = {isa = PBXBuildFile; fileRef = DD000016 /* FloatingChatToolbar.swift */; };
		DD000007 /* BottomEdgeDetector.swift in Sources */ = {isa = PBXBuildFile; fileRef = DD000017 /* BottomEdgeDetector.swift */; };
		DD000090 /* MarkdownUI in Frameworks */ = {isa = PBXBuildFile; productRef = DD000091 /* MarkdownUI */; };
		EE000001 /* HomeView.swift in Sources */ = {isa = PBXBuildFile; fileRef = EE000002 /* HomeView.swift */; };
		FF000001 /* MeetingRecorderController.swift in Sources */ = {isa = PBXBuildFile; fileRef = FF000011 /* MeetingRecorderController.swift */; };
		FF000002 /* TimelineManager.swift in Sources */ = {isa = PBXBuildFile; fileRef = FF000012 /* TimelineManager.swift */; };
		FF000003 /* MeetingAppDetector.swift in Sources */ = {isa = PBXBuildFile; fileRef = FF000013 /* MeetingAppDetector.swift */; };
		FF000004 /* DualAudioEngine.swift in Sources */ = {isa = PBXBuildFile; fileRef = FF000014 /* DualAudioEngine.swift */; };
		FF000005 /* MixedWAVRecorder.swift in Sources */ = {isa = PBXBuildFile; fileRef = FF000015 /* MixedWAVRecorder.swift */; };
		FF000006 /* MergeEngine.swift in Sources */ = {isa = PBXBuildFile; fileRef = FF000016 /* MergeEngine.swift */; };
		FF000007 /* TaggedSegment.swift in Sources */ = {isa = PBXBuildFile; fileRef = FF000017 /* TaggedSegment.swift */; };
		FF000008 /* SpeakerProfile.swift in Sources */ = {isa = PBXBuildFile; fileRef = FF000018 /* SpeakerProfile.swift */; };
		FF000009 /* RecordingMetadata.swift in Sources */ = {isa = PBXBuildFile; fileRef = FF000019 /* RecordingMetadata.swift */; };
		FF00000A /* RealtimeTranscriptionManager.swift in Sources */ = {isa = PBXBuildFile; fileRef = FF00001A /* RealtimeTranscriptionManager.swift */; };
		FF00000B /* RealtimeDiarizationManager.swift in Sources */ = {isa = PBXBuildFile; fileRef = FF00001B /* RealtimeDiarizationManager.swift */; };
		FF00000C /* RealtimePipeline.swift in Sources */ = {isa = PBXBuildFile; fileRef = FF00001C /* RealtimePipeline.swift */; };
		FF00000D /* MicPipeline.swift in Sources */ = {isa = PBXBuildFile; fileRef = FF00001D /* MicPipeline.swift */; };
		FF00000E /* MeetingPipeline.swift in Sources */ = {isa = PBXBuildFile; fileRef = FF00001E /* MeetingPipeline.swift */; };
		FF00000F /* AudioConverter.swift in Sources */ = {isa = PBXBuildFile; fileRef = FF00001F /* AudioConverter.swift */; };
		GG000001 /* MeetingStore.swift in Sources */ = {isa = PBXBuildFile; fileRef = GG000011 /* MeetingStore.swift */; };
		GG000002 /* MeetingDetailView.swift in Sources */ = {isa = PBXBuildFile; fileRef = GG000012 /* MeetingDetailView.swift */; };
		HH000001 /* ModelPreloader.swift in Sources */ = {isa = PBXBuildFile; fileRef = HH000011 /* ModelPreloader.swift */; };
		II000001 /* RecordingToolbarButton.swift in Sources */ = {isa = PBXBuildFile; fileRef = II000011 /* RecordingToolbarButton.swift */; };
		II000002 /* LiveTranscriptBanner.swift in Sources */ = {isa = PBXBuildFile; fileRef = II000012 /* LiveTranscriptBanner.swift */; };
		II000003 /* CatppuccinColors.swift in Sources */ = {isa = PBXBuildFile; fileRef = II000013 /* CatppuccinColors.swift */; };
		JJ000001 /* DiarizationMode.swift in Sources */ = {isa = PBXBuildFile; fileRef = JJ000011 /* DiarizationMode.swift */; };
		JJ000002 /* VoiceEnrollmentManager.swift in Sources */ = {isa = PBXBuildFile; fileRef = JJ000012 /* VoiceEnrollmentManager.swift */; };
		JJ000003 /* SpeakerProfilesView.swift in Sources */ = {isa = PBXBuildFile; fileRef = JJ000013 /* SpeakerProfilesView.swift */; };
		JJ000004 /* VoiceEnrollmentSheet.swift in Sources */ = {isa = PBXBuildFile; fileRef = JJ000014 /* VoiceEnrollmentSheet.swift */; };
		KK000001 /* VoiceID.swift in Sources */ = {isa = PBXBuildFile; fileRef = KK000011 /* VoiceID.swift */; };
		LL000001 /* PostRecordingRefiner.swift in Sources */ = {isa = PBXBuildFile; fileRef = LL000011 /* PostRecordingRefiner.swift */; };
		MM00000C /* SFBAudioEngine in Frameworks */ = {isa = PBXBuildFile; productRef = MM000082 /* SFBAudioEngine */; };
		NN000001 /* MeetingPlayer.swift in Sources */ = {isa = PBXBuildFile; fileRef = NN000011 /* MeetingPlayer.swift */; };
		PP00000C /* KeyboardShortcuts in Frameworks */ = {isa = PBXBuildFile; productRef = PP000082 /* KeyboardShortcuts */; };
		QQ00000C /* MenuBarExtraAccess in Frameworks */ = {isa = PBXBuildFile; productRef = QQ000082 /* MenuBarExtraAccess */; };
		PP000001 /* VoiceCommandManager.swift in Sources */ = {isa = PBXBuildFile; fileRef = PP000011 /* VoiceCommandManager.swift */; };
		PP000002 /* VoiceCommandOverlay.swift in Sources */ = {isa = PBXBuildFile; fileRef = PP000012 /* VoiceCommandOverlay.swift */; };
		PP000003 /* LoadingIndicatorView.swift in Sources */ = {isa = PBXBuildFile; fileRef = PP000013 /* LoadingIndicatorView.swift */; };
		PP000005 /* VoiceCommandTranscriber.swift in Sources */ = {isa = PBXBuildFile; fileRef = PP000014 /* VoiceCommandTranscriber.swift */; };
		SS000001 /* AudioInputDeviceManager.swift in Sources */ = {isa = PBXBuildFile; fileRef = SS000011 /* AudioInputDeviceManager.swift */; };
		TT000001 /* TranscriptDocumentEditor.swift in Sources */ = {isa = PBXBuildFile; fileRef = TT000011 /* TranscriptDocumentEditor.swift */; };
		TT000002 /* TranscriptDocumentEditView.swift in Sources */ = {isa = PBXBuildFile; fileRef = TT000012 /* TranscriptDocumentEditView.swift */; };
		RR000001 /* NoteExporter.swift in Sources */ = {isa = PBXBuildFile; fileRef = RR000011 /* NoteExporter.swift */; };
		PP000004 /* LoadingIcon in Resources */ = {isa = PBXBuildFile; fileRef = PP000020 /* LoadingIcon */; };
		QQ000001 /* AppIcon.icns in Resources */ = {isa = PBXBuildFile; fileRef = QQ000011 /* AppIcon.icns */; };
/* End PBXBuildFile section */

/* Begin PBXFileReference section */
		AA000010 /* Dialogue.app */ = {isa = PBXFileReference; explicitFileType = wrapper.application; includeInIndex = 0; path = Dialogue.app; sourceTree = BUILT_PRODUCTS_DIR; };
		AA000011 /* DialogueApp.swift */ = {isa = PBXFileReference; lastKnownFileType = sourcecode.swift; path = DialogueApp.swift; sourceTree = "<group>"; };
		AA000012 /* ContentView.swift */ = {isa = PBXFileReference; lastKnownFileType = sourcecode.swift; path = ContentView.swift; sourceTree = "<group>"; };
		AA000013 /* Assets.xcassets */ = {isa = PBXFileReference; lastKnownFileType = folder.assetcatalog; path = Assets.xcassets; sourceTree = "<group>"; };
		AA000014 /* Preview Assets.xcassets */ = {isa = PBXFileReference; lastKnownFileType = folder.assetcatalog; path = "Preview Assets.xcassets"; sourceTree = "<group>"; };
		AA000015 /* index.html */ = {isa = PBXFileReference; lastKnownFileType = text.html; name = index.html; path = BlockNoteWeb/dist/index.html; sourceTree = SOURCE_ROOT; };
		AA000016 /* Dialogue.entitlements */ = {isa = PBXFileReference; lastKnownFileType = text.plist.entitlements; path = Dialogue.entitlements; sourceTree = "<group>"; };
		BB000011 /* BlockNoteEditorView.swift */ = {isa = PBXFileReference; lastKnownFileType = sourcecode.swift; path = BlockNoteEditorView.swift; sourceTree = "<group>"; };
		BB000012 /* BridgeMessages.swift */ = {isa = PBXFileReference; lastKnownFileType = sourcecode.swift; path = BridgeMessages.swift; sourceTree = "<group>"; };
		BB000013 /* BlockNoteDocument.swift */ = {isa = PBXFileReference; lastKnownFileType = sourcecode.swift; path = BlockNoteDocument.swift; sourceTree = "<group>"; };
		BB000014 /* BlockNoteFile.swift */ = {isa = PBXFileReference; lastKnownFileType = sourcecode.swift; path = BlockNoteFile.swift; sourceTree = "<group>"; };
		BB000015 /* KeychainManager.swift */ = {isa = PBXFileReference; lastKnownFileType = sourcecode.swift; path = KeychainManager.swift; sourceTree = "<group>"; };
		BB000016 /* DocumentManager.swift */ = {isa = PBXFileReference; lastKnownFileType = sourcecode.swift; path = DocumentManager.swift; sourceTree = "<group>"; };
		BB000017 /* SidebarView.swift */ = {isa = PBXFileReference; lastKnownFileType = sourcecode.swift; path = SidebarView.swift; sourceTree = "<group>"; };
		BB000018 /* SettingsView.swift */ = {isa = PBXFileReference; lastKnownFileType = sourcecode.swift; path = SettingsView.swift; sourceTree = "<group>"; };
		CC00001A /* StatusFooterView.swift */ = {isa = PBXFileReference; lastKnownFileType = sourcecode.swift; path = StatusFooterView.swift; sourceTree = "<group>"; };
		CC000091 /* Speech.framework */ = {isa = PBXFileReference; lastKnownFileType = wrapper.framework; name = Speech.framework; path = System/Library/Frameworks/Speech.framework; sourceTree = SDKROOT; };
		DD000011 /* ChatModels.swift */ = {isa = PBXFileReference; lastKnownFileType = sourcecode.swift; path = ChatModels.swift; sourceTree = "<group>"; };
		DD000012 /* StreamingChatService.swift */ = {isa = PBXFileReference; lastKnownFileType = sourcecode.swift; path = StreamingChatService.swift; sourceTree = "<group>"; };
		DD000013 /* ChatSessionManager.swift */ = {isa = PBXFileReference; lastKnownFileType = sourcecode.swift; path = ChatSessionManager.swift; sourceTree = "<group>"; };
		DD000014 /* ChatMessageView.swift */ = {isa = PBXFileReference; lastKnownFileType = sourcecode.swift; path = ChatMessageView.swift; sourceTree = "<group>"; };
		DD000015 /* ChatPanelView.swift */ = {isa = PBXFileReference; lastKnownFileType = sourcecode.swift; path = ChatPanelView.swift; sourceTree = "<group>"; };
		DD000016 /* FloatingChatToolbar.swift */ = {isa = PBXFileReference; lastKnownFileType = sourcecode.swift; path = FloatingChatToolbar.swift; sourceTree = "<group>"; };
		DD000017 /* BottomEdgeDetector.swift */ = {isa = PBXFileReference; lastKnownFileType = sourcecode.swift; path = BottomEdgeDetector.swift; sourceTree = "<group>"; };
		EE000002 /* HomeView.swift */ = {isa = PBXFileReference; lastKnownFileType = sourcecode.swift; path = HomeView.swift; sourceTree = "<group>"; };
		FF000011 /* MeetingRecorderController.swift */ = {isa = PBXFileReference; lastKnownFileType = sourcecode.swift; path = MeetingRecorderController.swift; sourceTree = "<group>"; };
		FF000012 /* TimelineManager.swift */ = {isa = PBXFileReference; lastKnownFileType = sourcecode.swift; path = TimelineManager.swift; sourceTree = "<group>"; };
		FF000013 /* MeetingAppDetector.swift */ = {isa = PBXFileReference; lastKnownFileType = sourcecode.swift; path = MeetingAppDetector.swift; sourceTree = "<group>"; };
		FF000014 /* DualAudioEngine.swift */ = {isa = PBXFileReference; lastKnownFileType = sourcecode.swift; path = DualAudioEngine.swift; sourceTree = "<group>"; };
		FF000015 /* MixedWAVRecorder.swift */ = {isa = PBXFileReference; lastKnownFileType = sourcecode.swift; path = MixedWAVRecorder.swift; sourceTree = "<group>"; };
		FF000016 /* MergeEngine.swift */ = {isa = PBXFileReference; lastKnownFileType = sourcecode.swift; path = MergeEngine.swift; sourceTree = "<group>"; };
		FF000017 /* TaggedSegment.swift */ = {isa = PBXFileReference; lastKnownFileType = sourcecode.swift; path = TaggedSegment.swift; sourceTree = "<group>"; };
		FF000018 /* SpeakerProfile.swift */ = {isa = PBXFileReference; lastKnownFileType = sourcecode.swift; path = SpeakerProfile.swift; sourceTree = "<group>"; };
		FF000019 /* RecordingMetadata.swift */ = {isa = PBXFileReference; lastKnownFileType = sourcecode.swift; path = RecordingMetadata.swift; sourceTree = "<group>"; };
		FF00001A /* RealtimeTranscriptionManager.swift */ = {isa = PBXFileReference; lastKnownFileType = sourcecode.swift; path = RealtimeTranscriptionManager.swift; sourceTree = "<group>"; };
		FF00001B /* RealtimeDiarizationManager.swift */ = {isa = PBXFileReference; lastKnownFileType = sourcecode.swift; path = RealtimeDiarizationManager.swift; sourceTree = "<group>"; };
		FF00001C /* RealtimePipeline.swift */ = {isa = PBXFileReference; lastKnownFileType = sourcecode.swift; path = RealtimePipeline.swift; sourceTree = "<group>"; };
		FF00001D /* MicPipeline.swift */ = {isa = PBXFileReference; lastKnownFileType = sourcecode.swift; path = MicPipeline.swift; sourceTree = "<group>"; };
		FF00001E /* MeetingPipeline.swift */ = {isa = PBXFileReference; lastKnownFileType = sourcecode.swift; path = MeetingPipeline.swift; sourceTree = "<group>"; };
		FF00001F /* AudioConverter.swift */ = {isa = PBXFileReference; lastKnownFileType = sourcecode.swift; path = AudioConverter.swift; sourceTree = "<group>"; };
		GG000011 /* MeetingStore.swift */ = {isa = PBXFileReference; lastKnownFileType = sourcecode.swift; path = MeetingStore.swift; sourceTree = "<group>"; };
		GG000012 /* MeetingDetailView.swift */ = {isa = PBXFileReference; lastKnownFileType = sourcecode.swift; path = MeetingDetailView.swift; sourceTree = "<group>"; };
		HH000011 /* ModelPreloader.swift */ = {isa = PBXFileReference; lastKnownFileType = sourcecode.swift; path = ModelPreloader.swift; sourceTree = "<group>"; };
		II000011 /* RecordingToolbarButton.swift */ = {isa = PBXFileReference; lastKnownFileType = sourcecode.swift; path = RecordingToolbarButton.swift; sourceTree = "<group>"; };
		II000012 /* LiveTranscriptBanner.swift */ = {isa = PBXFileReference; lastKnownFileType = sourcecode.swift; path = LiveTranscriptBanner.swift; sourceTree = "<group>"; };
		II000013 /* CatppuccinColors.swift */ = {isa = PBXFileReference; lastKnownFileType = sourcecode.swift; path = CatppuccinColors.swift; sourceTree = "<group>"; };
		JJ000011 /* DiarizationMode.swift */ = {isa = PBXFileReference; lastKnownFileType = sourcecode.swift; path = DiarizationMode.swift; sourceTree = "<group>"; };
		JJ000012 /* VoiceEnrollmentManager.swift */ = {isa = PBXFileReference; lastKnownFileType = sourcecode.swift; path = VoiceEnrollmentManager.swift; sourceTree = "<group>"; };
		JJ000013 /* SpeakerProfilesView.swift */ = {isa = PBXFileReference; lastKnownFileType = sourcecode.swift; path = SpeakerProfilesView.swift; sourceTree = "<group>"; };
		JJ000014 /* VoiceEnrollmentSheet.swift */ = {isa = PBXFileReference; lastKnownFileType = sourcecode.swift; path = VoiceEnrollmentSheet.swift; sourceTree = "<group>"; };
		KK000011 /* VoiceID.swift */ = {isa = PBXFileReference; lastKnownFileType = sourcecode.swift; path = VoiceID.swift; sourceTree = "<group>"; };
		LL000011 /* PostRecordingRefiner.swift */ = {isa = PBXFileReference; lastKnownFileType = sourcecode.swift; path = PostRecordingRefiner.swift; sourceTree = "<group>"; };
		NN000011 /* MeetingPlayer.swift */ = {isa = PBXFileReference; lastKnownFileType = sourcecode.swift; path = MeetingPlayer.swift; sourceTree = "<group>"; };
		PP000011 /* VoiceCommandManager.swift */ = {isa = PBXFileReference; lastKnownFileType = sourcecode.swift; path = VoiceCommandManager.swift; sourceTree = "<group>"; };
		PP000012 /* VoiceCommandOverlay.swift */ = {isa = PBXFileReference; lastKnownFileType = sourcecode.swift; path = VoiceCommandOverlay.swift; sourceTree = "<group>"; };
		PP000013 /* LoadingIndicatorView.swift */ = {isa = PBXFileReference; lastKnownFileType = sourcecode.swift; path = LoadingIndicatorView.swift; sourceTree = "<group>"; };
		PP000014 /* VoiceCommandTranscriber.swift */ = {isa = PBXFileReference; lastKnownFileType = sourcecode.swift; path = VoiceCommandTranscriber.swift; sourceTree = "<group>"; };
		SS000011 /* AudioInputDeviceManager.swift */ = {isa = PBXFileReference; lastKnownFileType = sourcecode.swift; path = AudioInputDeviceManager.swift; sourceTree = "<group>"; };
		TT000011 /* TranscriptDocumentEditor.swift */ = {isa = PBXFileReference; lastKnownFileType = sourcecode.swift; path = TranscriptDocumentEditor.swift; sourceTree = "<group>"; };
		TT000012 /* TranscriptDocumentEditView.swift */ = {isa = PBXFileReference; lastKnownFileType = sourcecode.swift; path = TranscriptDocumentEditView.swift; sourceTree = "<group>"; };
		RR000011 /* NoteExporter.swift */ = {isa = PBXFileReference; lastKnownFileType = sourcecode.swift; path = NoteExporter.swift; sourceTree = "<group>"; };
		PP000020 /* LoadingIcon */ = {isa = PBXFileReference; lastKnownFileType = folder; path = LoadingIcon; sourceTree = "<group>"; };
		QQ000011 /* AppIcon.icns */ = {isa = PBXFileReference; lastKnownFileType = image.icns; path = AppIcon.icns; sourceTree = "<group>"; };
/* End PBXFileReference section */

/* Begin PBXFrameworksBuildPhase section */
		AA000020 /* Frameworks */ = {
			isa = PBXFrameworksBuildPhase;
			buildActionMask = 2147483647;
			files = (
				CC00000C /* FluidAudio in Frameworks */,
				DD000090 /* MarkdownUI in Frameworks */,
				CC000090 /* Speech.framework in Frameworks */,
				MM00000C /* SFBAudioEngine in Frameworks */,
				PP00000C /* KeyboardShortcuts in Frameworks */,
				QQ00000C /* MenuBarExtraAccess in Frameworks */,
			);
			runOnlyForDeploymentPostprocessing = 0;
		};
/* End PBXFrameworksBuildPhase section */

/* Begin PBXGroup section */
		33BF233C2F55AAEB0006E797 /* Recovered References */ = {
			isa = PBXGroup;
			children = (
				CC000091 /* Speech.framework */,
			);
			name = "Recovered References";
			sourceTree = "<group>";
		};
		AA000030 = {
			isa = PBXGroup;
			children = (
				AA000031 /* Dialogue */,
				AA000032 /* Products */,
				33BF233C2F55AAEB0006E797 /* Recovered References */,
			);
			sourceTree = "<group>";
		};
		AA000031 /* Dialogue */ = {
			isa = PBXGroup;
			children = (
				AA000011 /* DialogueApp.swift */,
				AA000012 /* ContentView.swift */,
				BB000030 /* Editor */,
				BB000031 /* Document */,
				BB000032 /* Services */,
				BB000033 /* UI */,
				DD000030 /* Chat */,
				FF000030 /* MeetingRecorder */,
				PP000030 /* VoiceCommand */,
				PP000031 /* Resources */,
				AA000016 /* Dialogue.entitlements */,
				QQ000011 /* AppIcon.icns */,
				AA000013 /* Assets.xcassets */,
				AA000033 /* Preview Content */,
				AA000015 /* index.html */,
			);
			path = Dialogue;
			sourceTree = "<group>";
		};
		AA000032 /* Products */ = {
			isa = PBXGroup;
			children = (
				AA000010 /* Dialogue.app */,
			);
			name = Products;
			sourceTree = "<group>";
		};
		AA000033 /* Preview Content */ = {
			isa = PBXGroup;
			children = (
				AA000014 /* Preview Assets.xcassets */,
			);
			path = "Preview Content";
			sourceTree = "<group>";
		};
		BB000030 /* Editor */ = {
			isa = PBXGroup;
			children = (
				BB000011 /* BlockNoteEditorView.swift */,
				BB000012 /* BridgeMessages.swift */,
				RR000011 /* NoteExporter.swift */,
			);
			path = Editor;
			sourceTree = "<group>";
		};
		BB000031 /* Document */ = {
			isa = PBXGroup;
			children = (
				BB000013 /* BlockNoteDocument.swift */,
				BB000014 /* BlockNoteFile.swift */,
			);
			path = Document;
			sourceTree = "<group>";
		};
		BB000032 /* Services */ = {
			isa = PBXGroup;
			children = (
				BB000015 /* KeychainManager.swift */,
				BB000016 /* DocumentManager.swift */,
				GG000011 /* MeetingStore.swift */,
				TT000011 /* TranscriptDocumentEditor.swift */,
			);
			path = Services;
			sourceTree = "<group>";
		};
		BB000033 /* UI */ = {
			isa = PBXGroup;
			children = (
				EE000002 /* HomeView.swift */,
				BB000017 /* SidebarView.swift */,
				BB000018 /* SettingsView.swift */,
				CC00001A /* StatusFooterView.swift */,
				DD000017 /* BottomEdgeDetector.swift */,
				GG000012 /* MeetingDetailView.swift */,
				JJ000013 /* SpeakerProfilesView.swift */,
				JJ000014 /* VoiceEnrollmentSheet.swift */,
				TT000012 /* TranscriptDocumentEditView.swift */,
			);
			path = UI;
			sourceTree = "<group>";
		};
		DD000030 /* Chat */ = {
			isa = PBXGroup;
			children = (
				DD000011 /* ChatModels.swift */,
				DD000012 /* StreamingChatService.swift */,
				DD000013 /* ChatSessionManager.swift */,
				DD000014 /* ChatMessageView.swift */,
				DD000015 /* ChatPanelView.swift */,
				DD000016 /* FloatingChatToolbar.swift */,
			);
			path = Chat;
			sourceTree = "<group>";
		};
		FF000030 /* MeetingRecorder */ = {
			isa = PBXGroup;
			children = (
				FF000011 /* MeetingRecorderController.swift */,
				FF000012 /* TimelineManager.swift */,
				FF000013 /* MeetingAppDetector.swift */,
				FF000014 /* DualAudioEngine.swift */,
				FF000015 /* MixedWAVRecorder.swift */,
				FF000016 /* MergeEngine.swift */,
				LL000011 /* PostRecordingRefiner.swift */,
				NN000011 /* MeetingPlayer.swift */,
				II000011 /* RecordingToolbarButton.swift */,
				II000012 /* LiveTranscriptBanner.swift */,
				HH000011 /* ModelPreloader.swift */,
				FF000031 /* Models */,
				FF000032 /* Transcription */,
				FF000033 /* Diarization */,
				FF000034 /* Pipelines */,
				FF000035 /* Utils */,
			);
			path = MeetingRecorder;
			sourceTree = "<group>";
		};
		FF000031 /* Models */ = {
			isa = PBXGroup;
			children = (
				FF000017 /* TaggedSegment.swift */,
				FF000018 /* SpeakerProfile.swift */,
				FF000019 /* RecordingMetadata.swift */,
				JJ000011 /* DiarizationMode.swift */,
			);
			path = Models;
			sourceTree = "<group>";
		};
		FF000032 /* Transcription */ = {
			isa = PBXGroup;
			children = (
				FF00001A /* RealtimeTranscriptionManager.swift */,
			);
			path = Transcription;
			sourceTree = "<group>";
		};
		FF000033 /* Diarization */ = {
			isa = PBXGroup;
			children = (
				FF00001B /* RealtimeDiarizationManager.swift */,
				JJ000012 /* VoiceEnrollmentManager.swift */,
				KK000011 /* VoiceID.swift */,
			);
			path = Diarization;
			sourceTree = "<group>";
		};
		FF000034 /* Pipelines */ = {
			isa = PBXGroup;
			children = (
				FF00001C /* RealtimePipeline.swift */,
				FF00001D /* MicPipeline.swift */,
				FF00001E /* MeetingPipeline.swift */,
			);
			path = Pipelines;
			sourceTree = "<group>";
		};
		FF000035 /* Utils */ = {
			isa = PBXGroup;
			children = (
				FF00001F /* AudioConverter.swift */,
				SS000011 /* AudioInputDeviceManager.swift */,
				II000013 /* CatppuccinColors.swift */,
			);
			path = Utils;
			sourceTree = "<group>";
		};
		PP000030 /* VoiceCommand */ = {
			isa = PBXGroup;
			children = (
				PP000011 /* VoiceCommandManager.swift */,
				PP000012 /* VoiceCommandOverlay.swift */,
				PP000013 /* LoadingIndicatorView.swift */,
				PP000014 /* VoiceCommandTranscriber.swift */,
			);
			path = VoiceCommand;
			sourceTree = "<group>";
		};
		PP000031 /* Resources */ = {
			isa = PBXGroup;
			children = (
				PP000020 /* LoadingIcon */,
			);
			path = Resources;
			sourceTree = "<group>";
		};
/* End PBXGroup section */

/* Begin PBXNativeTarget section */
		AA000040 /* Dialogue */ = {
			isa = PBXNativeTarget;
			buildConfigurationList = AA000060 /* Build configuration list for PBXNativeTarget "Dialogue" */;
			buildPhases = (
				AA000070 /* Build BlockNote Web Editor */,
				AA000041 /* Sources */,
				AA000020 /* Frameworks */,
				AA000042 /* Resources */,
			);
			buildRules = (
			);
			dependencies = (
			);
			name = Dialogue;
			packageProductDependencies = (
				CC000082 /* FluidAudio */,
				DD000091 /* MarkdownUI */,
				MM000082 /* SFBAudioEngine */,
				PP000082 /* KeyboardShortcuts */,
				QQ000082 /* MenuBarExtraAccess */,
			);
			productName = Dialogue;
			productReference = AA000010 /* Dialogue.app */;
			productType = "com.apple.product-type.application";
		};
/* End PBXNativeTarget section */

/* Begin PBXProject section */
		AA000050 /* Project object */ = {
			isa = PBXProject;
			attributes = {
				BuildIndependentTargetsInParallel = 1;
				LastSwiftUpdateCheck = 1500;
				LastUpgradeCheck = 2600;
				TargetAttributes = {
					AA000040 = {
						CreatedOnToolsVersion = 15.0;
					};
				};
			};
			buildConfigurationList = AA000051 /* Build configuration list for PBXProject "Dialogue" */;
			compatibilityVersion = "Xcode 14.0";
			developmentRegion = en;
			hasScannedForEncodings = 0;
			knownRegions = (
				en,
				Base,
			);
			mainGroup = AA000030;
			packageReferences = (
				CC000071 /* XCRemoteSwiftPackageReference "FluidAudio" */,
				DD000080 /* XCRemoteSwiftPackageReference "swift-markdown-ui" */,
				MM000071 /* XCRemoteSwiftPackageReference "SFBAudioEngine" */,
				PP000071 /* XCRemoteSwiftPackageReference "KeyboardShortcuts" */,
				QQ000071 /* XCRemoteSwiftPackageReference "MenuBarExtraAccess" */,
			);
			productRefGroup = AA000032 /* Products */;
			projectDirPath = "";
			projectRoot = "";
			targets = (
				AA000040 /* Dialogue */,
			);
		};
/* End PBXProject section */

/* Begin PBXResourcesBuildPhase section */
		AA000042 /* Resources */ = {
			isa = PBXResourcesBuildPhase;
			buildActionMask = 2147483647;
			files = (
				AA000004 /* Preview Assets.xcassets in Resources */,
				AA000003 /* Assets.xcassets in Resources */,
				AA000005 /* index.html in Resources */,
				PP000004 /* LoadingIcon in Resources */,
				QQ000001 /* AppIcon.icns in Resources */,
			);
			runOnlyForDeploymentPostprocessing = 0;
		};
/* End PBXResourcesBuildPhase section */

/* Begin PBXShellScriptBuildPhase section */
		AA000070 /* Build BlockNote Web Editor */ = {
			isa = PBXShellScriptBuildPhase;
			buildActionMask = 2147483647;
			files = (
			);
			inputFileListPaths = (
			);
			inputPaths = (
				"$(SRCROOT)/BlockNoteWeb/src/",
				"$(SRCROOT)/BlockNoteWeb/package.json",
				"$(SRCROOT)/BlockNoteWeb/vite.config.ts",
				"$(SRCROOT)/BlockNoteWeb/index.html",
				"$(SRCROOT)/BlockNoteWeb/tsconfig.json",
				"$(SRCROOT)/BlockNoteWeb/tsconfig.app.json",
			);
			name = "Build BlockNote Web Editor";
			outputFileListPaths = (
			);
			outputPaths = (
				"$(SRCROOT)/BlockNoteWeb/dist/index.html",
			);
			runOnlyForDeploymentPostprocessing = 0;
			shellPath = /bin/sh;
			shellScript = "echo \"=== Building BlockNote Web Editor ===\"\n\n# Fix PATH on Apple Silicon Macs (most common issue)\nexport PATH=\"/opt/homebrew/bin:/usr/local/bin:$PATH\"\n\ncd \"${PROJECT_DIR}/BlockNoteWeb\"\n\n# Install deps only if node_modules is missing (fast on subsequent builds)\nif [ ! -d \"node_modules\" ]; then\n  echo \"Installing dependencies (first time only)...\"\n  npm ci --no-audit --prefer-offline || npm install\nfi\n\nnpm run build\necho \"=== BlockNote Web build finished successfully ===\"\n";
		};
/* End PBXShellScriptBuildPhase section */

/* Begin PBXSourcesBuildPhase section */
		AA000041 /* Sources */ = {
			isa = PBXSourcesBuildPhase;
			buildActionMask = 2147483647;
			files = (
				AA000001 /* DialogueApp.swift in Sources */,
				AA000002 /* ContentView.swift in Sources */,
				BB000001 /* BlockNoteEditorView.swift in Sources */,
				BB000002 /* BridgeMessages.swift in Sources */,
				BB000003 /* BlockNoteDocument.swift in Sources */,
				BB000004 /* BlockNoteFile.swift in Sources */,
				BB000005 /* KeychainManager.swift in Sources */,
				BB000006 /* DocumentManager.swift in Sources */,
				BB000007 /* SidebarView.swift in Sources */,
				EE000001 /* HomeView.swift in Sources */,
				BB000008 /* SettingsView.swift in Sources */,
				CC00000A /* StatusFooterView.swift in Sources */,
				DD000001 /* ChatModels.swift in Sources */,
				DD000002 /* StreamingChatService.swift in Sources */,
				DD000003 /* ChatSessionManager.swift in Sources */,
				DD000004 /* ChatMessageView.swift in Sources */,
				DD000005 /* ChatPanelView.swift in Sources */,
				DD000006 /* FloatingChatToolbar.swift in Sources */,
				DD000007 /* BottomEdgeDetector.swift in Sources */,
				FF000001 /* MeetingRecorderController.swift in Sources */,
				FF000002 /* TimelineManager.swift in Sources */,
				FF000003 /* MeetingAppDetector.swift in Sources */,
				FF000004 /* DualAudioEngine.swift in Sources */,
				FF000005 /* MixedWAVRecorder.swift in Sources */,
				FF000006 /* MergeEngine.swift in Sources */,
				FF000007 /* TaggedSegment.swift in Sources */,
				FF000008 /* SpeakerProfile.swift in Sources */,
				FF000009 /* RecordingMetadata.swift in Sources */,
				FF00000A /* RealtimeTranscriptionManager.swift in Sources */,
				FF00000B /* RealtimeDiarizationManager.swift in Sources */,
				FF00000C /* RealtimePipeline.swift in Sources */,
				FF00000D /* MicPipeline.swift in Sources */,
				FF00000E /* MeetingPipeline.swift in Sources */,
				FF00000F /* AudioConverter.swift in Sources */,
				SS000001 /* AudioInputDeviceManager.swift in Sources */,
				TT000001 /* TranscriptDocumentEditor.swift in Sources */,
				TT000002 /* TranscriptDocumentEditView.swift in Sources */,
				GG000001 /* MeetingStore.swift in Sources */,
				GG000002 /* MeetingDetailView.swift in Sources */,
				HH000001 /* ModelPreloader.swift in Sources */,
				II000001 /* RecordingToolbarButton.swift in Sources */,
				II000002 /* LiveTranscriptBanner.swift in Sources */,
				II000003 /* CatppuccinColors.swift in Sources */,
				JJ000001 /* DiarizationMode.swift in Sources */,
				JJ000002 /* VoiceEnrollmentManager.swift in Sources */,
				JJ000003 /* SpeakerProfilesView.swift in Sources */,
				JJ000004 /* VoiceEnrollmentSheet.swift in Sources */,
				KK000001 /* VoiceID.swift in Sources */,
				LL000001 /* PostRecordingRefiner.swift in Sources */,
				NN000001 /* MeetingPlayer.swift in Sources */,
				PP000001 /* VoiceCommandManager.swift in Sources */,
				PP000002 /* VoiceCommandOverlay.swift in Sources */,
				PP000003 /* LoadingIndicatorView.swift in Sources */,
				PP000005 /* VoiceCommandTranscriber.swift in Sources */,
				RR000001 /* NoteExporter.swift in Sources */,
			);
			runOnlyForDeploymentPostprocessing = 0;
		};
/* End PBXSourcesBuildPhase section */

/* Begin XCBuildConfiguration section */
		AA000052 /* Debug */ = {
			isa = XCBuildConfiguration;
			buildSettings = {
				ALWAYS_SEARCH_USER_PATHS = NO;
				ASSETCATALOG_COMPILER_GENERATE_SWIFT_ASSET_SYMBOL_EXTENSIONS = YES;
				CLANG_ANALYZER_NONNULL = YES;
				CLANG_ANALYZER_NUMBER_OBJECT_CONVERSION = YES_AGGRESSIVE;
				CLANG_CXX_LANGUAGE_STANDARD = "gnu++20";
				CLANG_ENABLE_MODULES = YES;
				CLANG_ENABLE_OBJC_ARC = YES;
				CLANG_ENABLE_OBJC_WEAK = YES;
				CLANG_WARN_BLOCK_CAPTURE_AUTORELEASING = YES;
				CLANG_WARN_BOOL_CONVERSION = YES;
				CLANG_WARN_COMMA = YES;
				CLANG_WARN_CONSTANT_CONVERSION = YES;
				CLANG_WARN_DEPRECATED_OBJC_IMPLEMENTATIONS = YES;
				CLANG_WARN_DIRECT_OBJC_ISA_USAGE = YES_ERROR;
				CLANG_WARN_DOCUMENTATION_COMMENTS = YES;
				CLANG_WARN_EMPTY_BODY = YES;
				CLANG_WARN_ENUM_CONVERSION = YES;
				CLANG_WARN_INFINITE_RECURSION = YES;
				CLANG_WARN_INT_CONVERSION = YES;
				CLANG_WARN_NON_LITERAL_NULL_CONVERSION = YES;
				CLANG_WARN_OBJC_IMPLICIT_RETAIN_SELF = YES;
				CLANG_WARN_OBJC_LITERAL_CONVERSION = YES;
				CLANG_WARN_OBJC_ROOT_CLASS = YES_ERROR;
				CLANG_WARN_QUOTED_INCLUDE_IN_FRAMEWORK_HEADER = YES;
				CLANG_WARN_RANGE_LOOP_ANALYSIS = YES;
				CLANG_WARN_STRICT_PROTOTYPES = YES;
				CLANG_WARN_SUSPICIOUS_MOVE = YES;
				CLANG_WARN_UNGUARDED_AVAILABILITY = YES_AGGRESSIVE;
				CLANG_WARN_UNREACHABLE_CODE = YES;
				CLANG_WARN__DUPLICATE_METHOD_MATCH = YES;
				COPY_PHASE_STRIP = NO;
				DEAD_CODE_STRIPPING = YES;
				DEBUG_INFORMATION_FORMAT = dwarf;
				DEVELOPMENT_TEAM = 8H548FVL95;
				ENABLE_STRICT_OBJC_MSGSEND = YES;
				ENABLE_TESTABILITY = YES;
				ENABLE_USER_SCRIPT_SANDBOXING = NO;
				GCC_C_LANGUAGE_STANDARD = gnu17;
				GCC_DYNAMIC_NO_PIC = NO;
				GCC_NO_COMMON_BLOCKS = YES;
				GCC_OPTIMIZATION_LEVEL = 0;
				GCC_PREPROCESSOR_DEFINITIONS = (
					"DEBUG=1",
					"$(inherited)",
				);
				GCC_WARN_64_TO_32_BIT_CONVERSION = YES;
				GCC_WARN_ABOUT_RETURN_TYPE = YES_ERROR;
				GCC_WARN_UNDECLARED_SELECTOR = YES;
				GCC_WARN_UNINITIALIZED_AUTOS = YES_AGGRESSIVE;
				GCC_WARN_UNUSED_FUNCTION = YES;
				GCC_WARN_UNUSED_VARIABLE = YES;
				MACOSX_DEPLOYMENT_TARGET = 26.0;
				MTL_ENABLE_DEBUG_INFO = INCLUDE_SOURCE;
				MTL_FAST_MATH = YES;
				ONLY_ACTIVE_ARCH = YES;
				SDKROOT = macosx;
				STRING_CATALOG_GENERATE_SYMBOLS = YES;
				SWIFT_ACTIVE_COMPILATION_CONDITIONS = "DEBUG $(inherited)";
				SWIFT_OPTIMIZATION_LEVEL = "-Onone";
			};
			name = Debug;
		};
		AA000053 /* Release */ = {
			isa = XCBuildConfiguration;
			buildSettings = {
				ALWAYS_SEARCH_USER_PATHS = NO;
				ASSETCATALOG_COMPILER_GENERATE_SWIFT_ASSET_SYMBOL_EXTENSIONS = YES;
				CLANG_ANALYZER_NONNULL = YES;
				CLANG_ANALYZER_NUMBER_OBJECT_CONVERSION = YES_AGGRESSIVE;
				CLANG_CXX_LANGUAGE_STANDARD = "gnu++20";
				CLANG_ENABLE_MODULES = YES;
				CLANG_ENABLE_OBJC_ARC = YES;
				CLANG_ENABLE_OBJC_WEAK = YES;
				CLANG_WARN_BLOCK_CAPTURE_AUTORELEASING = YES;
				CLANG_WARN_BOOL_CONVERSION = YES;
				CLANG_WARN_COMMA = YES;
				CLANG_WARN_CONSTANT_CONVERSION = YES;
				CLANG_WARN_DEPRECATED_OBJC_IMPLEMENTATIONS = YES;
				CLANG_WARN_DIRECT_OBJC_ISA_USAGE = YES_ERROR;
				CLANG_WARN_DOCUMENTATION_COMMENTS = YES;
				CLANG_WARN_EMPTY_BODY = YES;
				CLANG_WARN_ENUM_CONVERSION = YES;
				CLANG_WARN_INFINITE_RECURSION = YES;
				CLANG_WARN_INT_CONVERSION = YES;
				CLANG_WARN_NON_LITERAL_NULL_CONVERSION = YES;
				CLANG_WARN_OBJC_IMPLICIT_RETAIN_SELF = YES;
				CLANG_WARN_OBJC_LITERAL_CONVERSION = YES;
				CLANG_WARN_OBJC_ROOT_CLASS = YES_ERROR;
				CLANG_WARN_QUOTED_INCLUDE_IN_FRAMEWORK_HEADER = YES;
				CLANG_WARN_RANGE_LOOP_ANALYSIS = YES;
				CLANG_WARN_STRICT_PROTOTYPES = YES;
				CLANG_WARN_SUSPICIOUS_MOVE = YES;
				CLANG_WARN_UNGUARDED_AVAILABILITY = YES_AGGRESSIVE;
				CLANG_WARN_UNREACHABLE_CODE = YES;
				CLANG_WARN__DUPLICATE_METHOD_MATCH = YES;
				COPY_PHASE_STRIP = NO;
				DEAD_CODE_STRIPPING = YES;
				DEBUG_INFORMATION_FORMAT = "dwarf-with-dsym";
				DEVELOPMENT_TEAM = 8H548FVL95;
				ENABLE_NS_ASSERTIONS = NO;
				ENABLE_STRICT_OBJC_MSGSEND = YES;
				ENABLE_USER_SCRIPT_SANDBOXING = NO;
				GCC_C_LANGUAGE_STANDARD = gnu17;
				GCC_NO_COMMON_BLOCKS = YES;
				GCC_WARN_64_TO_32_BIT_CONVERSION = YES;
				GCC_WARN_ABOUT_RETURN_TYPE = YES_ERROR;
				GCC_WARN_UNDECLARED_SELECTOR = YES;
				GCC_WARN_UNINITIALIZED_AUTOS = YES_AGGRESSIVE;
				GCC_WARN_UNUSED_FUNCTION = YES;
				GCC_WARN_UNUSED_VARIABLE = YES;
				MACOSX_DEPLOYMENT_TARGET = 26.0;
				MTL_ENABLE_DEBUG_INFO = NO;
				MTL_FAST_MATH = YES;
				SDKROOT = macosx;
				STRING_CATALOG_GENERATE_SYMBOLS = YES;
				SWIFT_COMPILATION_MODE = wholemodule;
			};
			name = Release;
		};
		AA000061 /* Debug */ = {
			isa = XCBuildConfiguration;
			buildSettings = {
				ASSETCATALOG_COMPILER_APPICON_NAME = "";
				ASSETCATALOG_COMPILER_GLOBAL_ACCENT_COLOR_NAME = AccentColor;
				CODE_SIGN_ENTITLEMENTS = Dialogue/Dialogue.entitlements;
				CODE_SIGN_STYLE = Automatic;
				COMBINE_HIDPI_IMAGES = YES;
				CURRENT_PROJECT_VERSION = 1;
				DEAD_CODE_STRIPPING = YES;
				DEVELOPMENT_ASSET_PATHS = "\"Dialogue/Preview Content\"";
				ENABLE_APP_SANDBOX = YES;
				ENABLE_FILE_ACCESS_DOWNLOADS_FOLDER = readwrite;
				ENABLE_OUTGOING_NETWORK_CONNECTIONS = YES;
				ENABLE_PREVIEWS = YES;
				ENABLE_RESOURCE_ACCESS_AUDIO_INPUT = YES;
				ENABLE_USER_SELECTED_FILES = readwrite;
				GENERATE_INFOPLIST_FILE = YES;
				INFOPLIST_FILE = Dialogue/Info.plist;
				INFOPLIST_KEY_CFBundleIconFile = AppIcon;
				INFOPLIST_KEY_NSHumanReadableCopyright = "";
				LD_RUNPATH_SEARCH_PATHS = (
					"$(inherited)",
					"@executable_path/../Frameworks",
				);
				MARKETING_VERSION = 1.0;
				PRODUCT_BUNDLE_IDENTIFIER = bot.djinn.app.dialog;
				PRODUCT_NAME = "$(TARGET_NAME)";
				SWIFT_EMIT_LOC_STRINGS = YES;
				SWIFT_VERSION = 5.0;
			};
			name = Debug;
		};
		AA000062 /* Release */ = {
			isa = XCBuildConfiguration;
			buildSettings = {
				ASSETCATALOG_COMPILER_APPICON_NAME = "";
				ASSETCATALOG_COMPILER_GLOBAL_ACCENT_COLOR_NAME = AccentColor;
				CODE_SIGN_ENTITLEMENTS = Dialogue/Dialogue.entitlements;
				CODE_SIGN_IDENTITY = "Developer ID Application";
				CODE_SIGN_STYLE = Manual;
				COMBINE_HIDPI_IMAGES = YES;
				CURRENT_PROJECT_VERSION = 1;
				DEAD_CODE_STRIPPING = YES;
				DEVELOPMENT_ASSET_PATHS = "\"Dialogue/Preview Content\"";
				DEVELOPMENT_TEAM = 8H548FVL95;
				ENABLE_APP_SANDBOX = YES;
				ENABLE_FILE_ACCESS_DOWNLOADS_FOLDER = readwrite;
				ENABLE_OUTGOING_NETWORK_CONNECTIONS = YES;
				ENABLE_PREVIEWS = YES;
				ENABLE_RESOURCE_ACCESS_AUDIO_INPUT = YES;
				ENABLE_USER_SELECTED_FILES = readwrite;
				GENERATE_INFOPLIST_FILE = YES;
				INFOPLIST_FILE = Dialogue/Info.plist;
				INFOPLIST_KEY_CFBundleIconFile = AppIcon;
				INFOPLIST_KEY_NSHumanReadableCopyright = "";
				LD_RUNPATH_SEARCH_PATHS = (
					"$(inherited)",
					"@executable_path/../Frameworks",
				);
				MARKETING_VERSION = 1.0;
				PRODUCT_BUNDLE_IDENTIFIER = bot.djinn.app.dialog;
				PRODUCT_NAME = "$(TARGET_NAME)";
				PROVISIONING_PROFILE_SPECIFIER = Dialogue;
				SWIFT_EMIT_LOC_STRINGS = YES;
				SWIFT_VERSION = 5.0;
			};
			name = Release;
		};
/* End XCBuildConfiguration section */

/* Begin XCConfigurationList section */
		AA000051 /* Build configuration list for PBXProject "Dialogue" */ = {
			isa = XCConfigurationList;
			buildConfigurations = (
				AA000052 /* Debug */,
				AA000053 /* Release */,
			);
			defaultConfigurationIsVisible = 0;
			defaultConfigurationName = Release;
		};
		AA000060 /* Build configuration list for PBXNativeTarget "Dialogue" */ = {
			isa = XCConfigurationList;
			buildConfigurations = (
				AA000061 /* Debug */,
				AA000062 /* Release */,
			);
			defaultConfigurationIsVisible = 0;
			defaultConfigurationName = Release;
		};
/* End XCConfigurationList section */

/* Begin XCRemoteSwiftPackageReference section */
		CC000071 /* XCRemoteSwiftPackageReference "FluidAudio" */ = {
			isa = XCRemoteSwiftPackageReference;
			repositoryURL = "https://github.com/FluidInference/FluidAudio.git";
			requirement = {
				kind = upToNextMajorVersion;
				minimumVersion = 0.12.1;
			};
		};
		DD000080 /* XCRemoteSwiftPackageReference "swift-markdown-ui" */ = {
			isa = XCRemoteSwiftPackageReference;
			repositoryURL = "https://github.com/gonzalezreal/swift-markdown-ui.git";
			requirement = {
				kind = upToNextMajorVersion;
				minimumVersion = 2.4.1;
			};
		};
		MM000071 /* XCRemoteSwiftPackageReference "SFBAudioEngine" */ = {
			isa = XCRemoteSwiftPackageReference;
			repositoryURL = "https://github.com/sbooth/SFBAudioEngine.git";
			requirement = {
				kind = upToNextMajorVersion;
				minimumVersion = 0.12.1;
			};
		};
		QQ000071 /* XCRemoteSwiftPackageReference "MenuBarExtraAccess" */ = {
			isa = XCRemoteSwiftPackageReference;
			repositoryURL = "https://github.com/orchetect/MenuBarExtraAccess.git";
			requirement = {
				kind = upToNextMajorVersion;
				minimumVersion = 1.3.0;
			};
		};
		PP000071 /* XCRemoteSwiftPackageReference "KeyboardShortcuts" */ = {
			isa = XCRemoteSwiftPackageReference;
			repositoryURL = "https://github.com/sindresorhus/KeyboardShortcuts.git";
			requirement = {
				kind = upToNextMajorVersion;
				minimumVersion = 2.0.0;
			};
		};
/* End XCRemoteSwiftPackageReference section */

/* Begin XCSwiftPackageProductDependency section */
		CC000082 /* FluidAudio */ = {
			isa = XCSwiftPackageProductDependency;
			package = CC000071 /* XCRemoteSwiftPackageReference "FluidAudio" */;
			productName = FluidAudio;
		};
		DD000091 /* MarkdownUI */ = {
			isa = XCSwiftPackageProductDependency;
			package = DD000080 /* XCRemoteSwiftPackageReference "swift-markdown-ui" */;
			productName = MarkdownUI;
		};
		MM000082 /* SFBAudioEngine */ = {
			isa = XCSwiftPackageProductDependency;
			package = MM000071 /* XCRemoteSwiftPackageReference "SFBAudioEngine" */;
			productName = SFBAudioEngine;
		};
		QQ000082 /* MenuBarExtraAccess */ = {
			isa = XCSwiftPackageProductDependency;
			package = QQ000071 /* XCRemoteSwiftPackageReference "MenuBarExtraAccess" */;
			productName = MenuBarExtraAccess;
		};
		PP000082 /* KeyboardShortcuts */ = {
			isa = XCSwiftPackageProductDependency;
			package = PP000071 /* XCRemoteSwiftPackageReference "KeyboardShortcuts" */;
			productName = KeyboardShortcuts;
		};
/* End XCSwiftPackageProductDependency section */
	};
	rootObject = AA000050 /* Project object */;
}
